
Microsoft Visual Studio Solution File, Format Version 12.00
# Visual Studio Version 17
VisualStudioVersion = 17.4.33213.308
MinimumVisualStudioVersion = 10.0.40219.1
Project("{FAE04EC0-301F-11D3-BF4B-00C04F79EFBC}") = "modul3_1302210057", "modul3_1302210057.csproj", "{446DA0B0-867A-44AC-83B7-23E4A306C361}"
EndProject
Global
	GlobalSection(SolutionConfigurationPlatforms) = preSolution
		Debug|Any CPU = Debug|Any CPU
		Release|Any CPU = Release|Any CPU
	EndGlobalSection
	GlobalSection(ProjectConfigurationPlatforms) = postSolution
		{446DA0B0-867A-44AC-83B7-23E4A306C361}.Debug|Any CPU.ActiveCfg = Debug|Any CPU
		{446DA0B0-867A-44AC-83B7-23E4A306C361}.Debug|Any CPU.Build.0 = Debug|Any CPU
		{446DA0B0-867A-44AC-83B7-23E4A306C361}.Release|Any CPU.ActiveCfg = Release|Any CPU
		{446DA0B0-867A-44AC-83B7-23E4A306C361}.Release|Any CPU.Build.0 = Release|Any CPU
	EndGlobalSection
	GlobalSection(SolutionProperties) = preSolution
		HideSolutionNode = FALSE
	EndGlobalSection
	GlobalSection(ExtensibilityGlobals) = postSolution
		SolutionGuid = {D4174C1B-348E-4375-917C-9BFC8F0D8FF2}
	EndGlobalSection
EndGlobal
